
Microsoft Visual Studio Solution File, Format Version 12.00
# Visual Studio Version 16
VisualStudioVersion = 16.0.30225.117
MinimumVisualStudioVersion = 10.0.40219.1
Project("{9A19103F-16F7-4668-BE54-9A1E7A4F7556}") = "Stack", "Stack\Stack.csproj", "{6616248F-2007-4FD8-B313-111A2D6C641B}"
EndProject
Project("{FAE04EC0-301F-11D3-BF4B-00C04F79EFBC}") = "StackTest", "StackTest\StackTest.csproj", "{36EB887E-0328-41D4-9650-77EBCFB50615}"
EndProject
Global
	GlobalSection(SolutionConfigurationPlatforms) = preSolution
		Debug|Any CPU = Debug|Any CPU
		Release|Any CPU = Release|Any CPU
	EndGlobalSection
	GlobalSection(ProjectConfigurationPlatforms) = postSolution
		{6616248F-2007-4FD8-B313-111A2D6C641B}.Debug|Any CPU.ActiveCfg = Debug|Any CPU
		{6616248F-2007-4FD8-B313-111A2D6C641B}.Debug|Any CPU.Build.0 = Debug|Any CPU
		{6616248F-2007-4FD8-B313-111A2D6C641B}.Release|Any CPU.ActiveCfg = Release|Any CPU
		{6616248F-2007-4FD8-B313-111A2D6C641B}.Release|Any CPU.Build.0 = Release|Any CPU
		{36EB887E-0328-41D4-9650-77EBCFB50615}.Debug|Any CPU.ActiveCfg = Debug|Any CPU
		{36EB887E-0328-41D4-9650-77EBCFB50615}.Debug|Any CPU.Build.0 = Debug|Any CPU
		{36EB887E-0328-41D4-9650-77EBCFB50615}.Release|Any CPU.ActiveCfg = Release|Any CPU
		{36EB887E-0328-41D4-9650-77EBCFB50615}.Release|Any CPU.Build.0 = Release|Any CPU
	EndGlobalSection
	GlobalSection(SolutionProperties) = preSolution
		HideSolutionNode = FALSE
	EndGlobalSection
	GlobalSection(ExtensibilityGlobals) = postSolution
		SolutionGuid = {3CD9303C-EDA9-4B0C-9966-0D61CC6109FF}
	EndGlobalSection
EndGlobal
